
Microsoft Visual Studio Solution File, Format Version 12.00
# Visual Studio Version 17
VisualStudioVersion = 17.9.34728.123
MinimumVisualStudioVersion = 10.0.40219.1
Project("{FAE04EC0-301F-11D3-BF4B-00C04F79EFBC}") = "DB", "DB\DB.csproj", "{829BD5FA-90D8-4DB2-8B43-2B0022921692}"
EndProject
Global
	GlobalSection(SolutionConfigurationPlatforms) = preSolution
		Debug|Any CPU = Debug|Any CPU
		Release|Any CPU = Release|Any CPU
	EndGlobalSection
	GlobalSection(ProjectConfigurationPlatforms) = postSolution
		{829BD5FA-90D8-4DB2-8B43-2B0022921692}.Debug|Any CPU.ActiveCfg = Debug|Any CPU
		{829BD5FA-90D8-4DB2-8B43-2B0022921692}.Debug|Any CPU.Build.0 = Debug|Any CPU
		{829BD5FA-90D8-4DB2-8B43-2B0022921692}.Release|Any CPU.ActiveCfg = Release|Any CPU
		{829BD5FA-90D8-4DB2-8B43-2B0022921692}.Release|Any CPU.Build.0 = Release|Any CPU
	EndGlobalSection
	GlobalSection(SolutionProperties) = preSolution
		HideSolutionNode = FALSE
	EndGlobalSection
	GlobalSection(ExtensibilityGlobals) = postSolution
		SolutionGuid = {C15A25AA-7ACD-4B35-B1A4-28A7BD0DAA13}
	EndGlobalSection
EndGlobal
